// !$*UTF8*$!
{
	archiveVersion = 1;
	classes = {
	};
	objectVersion = 56;
	objects = {

/* Begin PBXBuildFile section */
		A6A8B3212C51982E00BD3869 /* LOTRconverter17App.swift in Sources */ = {isa = PBXBuildFile; fileRef = A6A8B3202C51982E00BD3869 /* LOTRconverter17App.swift */; };
		A6A8B3232C51982E00BD3869 /* ContentView.swift in Sources */ = {isa = PBXBuildFile; fileRef = A6A8B3222C51982E00BD3869 /* ContentView.swift */; };
		A6A8B3252C51982F00BD3869 /* Assets.xcassets in Resources */ = {isa = PBXBuildFile; fileRef = A6A8B3242C51982F00BD3869 /* Assets.xcassets */; };
		A6A8B3282C51982F00BD3869 /* Preview Assets.xcassets in Resources */ = {isa = PBXBuildFile; fileRef = A6A8B3272C51982F00BD3869 /* Preview Assets.xcassets */; };
		A6CF70622C5BEB4400C397C3 /* ExchangeInfo.swift in Sources */ = {isa = PBXBuildFile; fileRef = A6CF70612C5BEB4400C397C3 /* ExchangeInfo.swift */; };
		A6CF70642C5E878D00C397C3 /* SelectCurrency.swift in Sources */ = {isa = PBXBuildFile; fileRef = A6CF70632C5E878D00C397C3 /* SelectCurrency.swift */; };
		A6D817152C66B0CD00B56D52 /* currency.swift in Sources */ = {isa = PBXBuildFile; fileRef = A6D817142C66B0CD00B56D52 /* currency.swift */; };
		A6D817172C68E91D00B56D52 /* IconGrid.swift in Sources */ = {isa = PBXBuildFile; fileRef = A6D817162C68E91D00B56D52 /* IconGrid.swift */; };
		A6D817192C6E19A300B56D52 /* CurrencyTip.swift in Sources */ = {isa = PBXBuildFile; fileRef = A6D817182C6E19A300B56D52 /* CurrencyTip.swift */; };
/* End PBXBuildFile section */

/* Begin PBXFileReference section */
		A6A8B31D2C51982E00BD3869 /* LOTRconverter17.app */ = {isa = PBXFileReference; explicitFileType = wrapper.application; includeInIndex = 0; path = LOTRconverter17.app; sourceTree = BUILT_PRODUCTS_DIR; };
		A6A8B3202C51982E00BD3869 /* LOTRconverter17App.swift */ = {isa = PBXFileReference; lastKnownFileType = sourcecode.swift; path = LOTRconverter17App.swift; sourceTree = "<group>"; };
		A6A8B3222C51982E00BD3869 /* ContentView.swift */ = {isa = PBXFileReference; lastKnownFileType = sourcecode.swift; path = ContentView.swift; sourceTree = "<group>"; };
		A6A8B3242C51982F00BD3869 /* Assets.xcassets */ = {isa = PBXFileReference; lastKnownFileType = folder.assetcatalog; path = Assets.xcassets; sourceTree = "<group>"; };
		A6A8B3272C51982F00BD3869 /* Preview Assets.xcassets */ = {isa = PBXFileReference; lastKnownFileType = folder.assetcatalog; path = "Preview Assets.xcassets"; sourceTree = "<group>"; };
		A6CF70612C5BEB4400C397C3 /* ExchangeInfo.swift */ = {isa = PBXFileReference; lastKnownFileType = sourcecode.swift; path = ExchangeInfo.swift; sourceTree = "<group>"; };
		A6CF70632C5E878D00C397C3 /* SelectCurrency.swift */ = {isa = PBXFileReference; lastKnownFileType = sourcecode.swift; path = SelectCurrency.swift; sourceTree = "<group>"; };
		A6D817142C66B0CD00B56D52 /* currency.swift */ = {isa = PBXFileReference; lastKnownFileType = sourcecode.swift; path = currency.swift; sourceTree = "<group>"; };
		A6D817162C68E91D00B56D52 /* IconGrid.swift */ = {isa = PBXFileReference; lastKnownFileType = sourcecode.swift; path = IconGrid.swift; sourceTree = "<group>"; };
		A6D817182C6E19A300B56D52 /* CurrencyTip.swift */ = {isa = PBXFileReference; lastKnownFileType = sourcecode.swift; path = CurrencyTip.swift; sourceTree = "<group>"; };
/* End PBXFileReference section */

/* Begin PBXFrameworksBuildPhase section */
		A6A8B31A2C51982E00BD3869 /* Frameworks */ = {
			isa = PBXFrameworksBuildPhase;
			buildActionMask = 2147483647;
			files = (
			);
			runOnlyForDeploymentPostprocessing = 0;
		};
/* End PBXFrameworksBuildPhase section */

/* Begin PBXGroup section */
		A6A8B3142C51982D00BD3869 = {
			isa = PBXGroup;
			children = (
				A6A8B31F2C51982E00BD3869 /* LOTRconverter17 */,
				A6A8B31E2C51982E00BD3869 /* Products */,
			);
			sourceTree = "<group>";
		};
		A6A8B31E2C51982E00BD3869 /* Products */ = {
			isa = PBXGroup;
			children = (
				A6A8B31D2C51982E00BD3869 /* LOTRconverter17.app */,
			);
			name = Products;
			sourceTree = "<group>";
		};
		A6A8B31F2C51982E00BD3869 /* LOTRconverter17 */ = {
			isa = PBXGroup;
			children = (
				A6A8B3202C51982E00BD3869 /* LOTRconverter17App.swift */,
				A6D817142C66B0CD00B56D52 /* currency.swift */,
				A6A8B3222C51982E00BD3869 /* ContentView.swift */,
				A6CF70632C5E878D00C397C3 /* SelectCurrency.swift */,
				A6D817162C68E91D00B56D52 /* IconGrid.swift */,
				A6CF70612C5BEB4400C397C3 /* ExchangeInfo.swift */,
				A6D817182C6E19A300B56D52 /* CurrencyTip.swift */,
				A6A8B3242C51982F00BD3869 /* Assets.xcassets */,
				A6A8B3262C51982F00BD3869 /* Preview Content */,
			);
			path = LOTRconverter17;
			sourceTree = "<group>";
		};
		A6A8B3262C51982F00BD3869 /* Preview Content */ = {
			isa = PBXGroup;
			children = (
				A6A8B3272C51982F00BD3869 /* Preview Assets.xcassets */,
			);
			path = "Preview Content";
			sourceTree = "<group>";
		};
/* End PBXGroup section */

/* Begin PBXNativeTarget section */
		A6A8B31C2C51982E00BD3869 /* LOTRconverter17 */ = {
			isa = PBXNativeTarget;
			buildConfigurationList = A6A8B32B2C51982F00BD3869 /* Build configuration list for PBXNativeTarget "LOTRconverter17" */;
			buildPhases = (
				A6A8B3192C51982E00BD3869 /* Sources */,
				A6A8B31A2C51982E00BD3869 /* Frameworks */,
				A6A8B31B2C51982E00BD3869 /* Resources */,
			);
			buildRules = (
			);
			dependencies = (
			);
			name = LOTRconverter17;
			productName = LOTRconverter17;
			productReference = A6A8B31D2C51982E00BD3869 /* LOTRconverter17.app */;
			productType = "com.apple.product-type.application";
		};
/* End PBXNativeTarget section */

/* Begin PBXProject section */
		A6A8B3152C51982E00BD3869 /* Project object */ = {
			isa = PBXProject;
			attributes = {
				BuildIndependentTargetsInParallel = 1;
				LastSwiftUpdateCheck = 1540;
				LastUpgradeCheck = 1540;
				TargetAttributes = {
					A6A8B31C2C51982E00BD3869 = {
						CreatedOnToolsVersion = 15.4;
					};
				};
			};
			buildConfigurationList = A6A8B3182C51982E00BD3869 /* Build configuration list for PBXProject "LOTRconverter17" */;
			compatibilityVersion = "Xcode 14.0";
			developmentRegion = en;
			hasScannedForEncodings = 0;
			knownRegions = (
				en,
				Base,
			);
			mainGroup = A6A8B3142C51982D00BD3869;
			productRefGroup = A6A8B31E2C51982E00BD3869 /* Products */;
			projectDirPath = "";
			projectRoot = "";
			targets = (
				A6A8B31C2C51982E00BD3869 /* LOTRconverter17 */,
			);
		};
/* End PBXProject section */

/* Begin PBXResourcesBuildPhase section */
		A6A8B31B2C51982E00BD3869 /* Resources */ = {
			isa = PBXResourcesBuildPhase;
			buildActionMask = 2147483647;
			files = (
				A6A8B3282C51982F00BD3869 /* Preview Assets.xcassets in Resources */,
				A6A8B3252C51982F00BD3869 /* Assets.xcassets in Resources */,
			);
			runOnlyForDeploymentPostprocessing = 0;
		};
/* End PBXResourcesBuildPhase section */

/* Begin PBXSourcesBuildPhase section */
		A6A8B3192C51982E00BD3869 /* Sources */ = {
			isa = PBXSourcesBuildPhase;
			buildActionMask = 2147483647;
			files = (
				A6D817172C68E91D00B56D52 /* IconGrid.swift in Sources */,
				A6CF70622C5BEB4400C397C3 /* ExchangeInfo.swift in Sources */,
				A6D817192C6E19A300B56D52 /* CurrencyTip.swift in Sources */,
				A6D817152C66B0CD00B56D52 /* currency.swift in Sources */,
				A6A8B3232C51982E00BD3869 /* ContentView.swift in Sources */,
				A6CF70642C5E878D00C397C3 /* SelectCurrency.swift in Sources */,
				A6A8B3212C51982E00BD3869 /* LOTRconverter17App.swift in Sources */,
			);
			runOnlyForDeploymentPostprocessing = 0;
		};
/* End PBXSourcesBuildPhase section */

/* Begin XCBuildConfiguration section */
		A6A8B3292C51982F00BD3869 /* Debug */ = {
			isa = XCBuildConfiguration;
			buildSettings = {
				ALWAYS_SEARCH_USER_PATHS = NO;
				ASSETCATALOG_COMPILER_GENERATE_SWIFT_ASSET_SYMBOL_EXTENSIONS = YES;
				CLANG_ANALYZER_NONNULL = YES;
				CLANG_ANALYZER_NUMBER_OBJECT_CONVERSION = YES_AGGRESSIVE;
				CLANG_CXX_LANGUAGE_STANDARD = "gnu++20";
				CLANG_ENABLE_MODULES = YES;
				CLANG_ENABLE_OBJC_ARC = YES;
				CLANG_ENABLE_OBJC_WEAK = YES;
				CLANG_WARN_BLOCK_CAPTURE_AUTORELEASING = YES;
				CLANG_WARN_BOOL_CONVERSION = YES;
				CLANG_WARN_COMMA = YES;
				CLANG_WARN_CONSTANT_CONVERSION = YES;
				CLANG_WARN_DEPRECATED_OBJC_IMPLEMENTATIONS = YES;
				CLANG_WARN_DIRECT_OBJC_ISA_USAGE = YES_ERROR;
				CLANG_WARN_DOCUMENTATION_COMMENTS = YES;
				CLANG_WARN_EMPTY_BODY = YES;
				CLANG_WARN_ENUM_CONVERSION = YES;
				CLANG_WARN_INFINITE_RECURSION = YES;
				CLANG_WARN_INT_CONVERSION = YES;
				CLANG_WARN_NON_LITERAL_NULL_CONVERSION = YES;
				CLANG_WARN_OBJC_IMPLICIT_RETAIN_SELF = YES;
				CLANG_WARN_OBJC_LITERAL_CONVERSION = YES;
				CLANG_WARN_OBJC_ROOT_CLASS = YES_ERROR;
				CLANG_WARN_QUOTED_INCLUDE_IN_FRAMEWORK_HEADER = YES;
				CLANG_WARN_RANGE_LOOP_ANALYSIS = YES;
				CLANG_WARN_STRICT_PROTOTYPES = YES;
				CLANG_WARN_SUSPICIOUS_MOVE = YES;
				CLANG_WARN_UNGUARDED_AVAILABILITY = YES_AGGRESSIVE;
				CLANG_WARN_UNREACHABLE_CODE = YES;
				CLANG_WARN__DUPLICATE_METHOD_MATCH = YES;
				COPY_PHASE_STRIP = NO;
				DEBUG_INFORMATION_FORMAT = dwarf;
				ENABLE_STRICT_OBJC_MSGSEND = YES;
				ENABLE_TESTABILITY = YES;
				ENABLE_USER_SCRIPT_SANDBOXING = YES;
				GCC_C_LANGUAGE_STANDARD = gnu17;
				GCC_DYNAMIC_NO_PIC = NO;
				GCC_NO_COMMON_BLOCKS = YES;
				GCC_OPTIMIZATION_LEVEL = 0;
				GCC_PREPROCESSOR_DEFINITIONS = (
					"DEBUG=1",
					"$(inherited)",
				);
				GCC_WARN_64_TO_32_BIT_CONVERSION = YES;
				GCC_WARN_ABOUT_RETURN_TYPE = YES_ERROR;
				GCC_WARN_UNDECLARED_SELECTOR = YES;
				GCC_WARN_UNINITIALIZED_AUTOS = YES_AGGRESSIVE;
				GCC_WARN_UNUSED_FUNCTION = YES;
				GCC_WARN_UNUSED_VARIABLE = YES;
				IPHONEOS_DEPLOYMENT_TARGET = 17.5;
				LOCALIZATION_PREFERS_STRING_CATALOGS = YES;
				MTL_ENABLE_DEBUG_INFO = INCLUDE_SOURCE;
				MTL_FAST_MATH = YES;
				ONLY_ACTIVE_ARCH = YES;
				SDKROOT = iphoneos;
				SWIFT_ACTIVE_COMPILATION_CONDITIONS = "DEBUG $(inherited)";
				SWIFT_OPTIMIZATION_LEVEL = "-Onone";
			};
			name = Debug;
		};
		A6A8B32A2C51982F00BD3869 /* Release */ = {
			isa = XCBuildConfiguration;
			buildSettings = {
				ALWAYS_SEARCH_USER_PATHS = NO;
				ASSETCATALOG_COMPILER_GENERATE_SWIFT_ASSET_SYMBOL_EXTENSIONS = YES;
				CLANG_ANALYZER_NONNULL = YES;
				CLANG_ANALYZER_NUMBER_OBJECT_CONVERSION = YES_AGGRESSIVE;
				CLANG_CXX_LANGUAGE_STANDARD = "gnu++20";
				CLANG_ENABLE_MODULES = YES;
				CLANG_ENABLE_OBJC_ARC = YES;
				CLANG_ENABLE_OBJC_WEAK = YES;
				CLANG_WARN_BLOCK_CAPTURE_AUTORELEASING = YES;
				CLANG_WARN_BOOL_CONVERSION = YES;
				CLANG_WARN_COMMA = YES;
				CLANG_WARN_CONSTANT_CONVERSION = YES;
				CLANG_WARN_DEPRECATED_OBJC_IMPLEMENTATIONS = YES;
				CLANG_WARN_DIRECT_OBJC_ISA_USAGE = YES_ERROR;
				CLANG_WARN_DOCUMENTATION_COMMENTS = YES;
				CLANG_WARN_EMPTY_BODY = YES;
				CLANG_WARN_ENUM_CONVERSION = YES;
				CLANG_WARN_INFINITE_RECURSION = YES;
				CLANG_WARN_INT_CONVERSION = YES;
				CLANG_WARN_NON_LITERAL_NULL_CONVERSION = YES;
				CLANG_WARN_OBJC_IMPLICIT_RETAIN_SELF = YES;
				CLANG_WARN_OBJC_LITERAL_CONVERSION = YES;
				CLANG_WARN_OBJC_ROOT_CLASS = YES_ERROR;
				CLANG_WARN_QUOTED_INCLUDE_IN_FRAMEWORK_HEADER = YES;
				CLANG_WARN_RANGE_LOOP_ANALYSIS = YES;
				CLANG_WARN_STRICT_PROTOTYPES = YES;
				CLANG_WARN_SUSPICIOUS_MOVE = YES;
				CLANG_WARN_UNGUARDED_AVAILABILITY = YES_AGGRESSIVE;
				CLANG_WARN_UNREACHABLE_CODE = YES;
				CLANG_WARN__DUPLICATE_METHOD_MATCH = YES;
				COPY_PHASE_STRIP = NO;
				DEBUG_INFORMATION_FORMAT = "dwarf-with-dsym";
				ENABLE_NS_ASSERTIONS = NO;
				ENABLE_STRICT_OBJC_MSGSEND = YES;
				ENABLE_USER_SCRIPT_SANDBOXING = YES;
				GCC_C_LANGUAGE_STANDARD = gnu17;
				GCC_NO_COMMON_BLOCKS = YES;
				GCC_WARN_64_TO_32_BIT_CONVERSION = YES;
				GCC_WARN_ABOUT_RETURN_TYPE = YES_ERROR;
				GCC_WARN_UNDECLARED_SELECTOR = YES;
				GCC_WARN_UNINITIALIZED_AUTOS = YES_AGGRESSIVE;
				GCC_WARN_UNUSED_FUNCTION = YES;
				GCC_WARN_UNUSED_VARIABLE = YES;
				IPHONEOS_DEPLOYMENT_TARGET = 17.5;
				LOCALIZATION_PREFERS_STRING_CATALOGS = YES;
				MTL_ENABLE_DEBUG_INFO = NO;
				MTL_FAST_MATH = YES;
				SDKROOT = iphoneos;
				SWIFT_COMPILATION_MODE = wholemodule;
				VALIDATE_PRODUCT = YES;
			};
			name = Release;
		};
		A6A8B32C2C51982F00BD3869 /* Debug */ = {
			isa = XCBuildConfiguration;
			buildSettings = {
				ASSETCATALOG_COMPILER_APPICON_NAME = AppIcon;
				ASSETCATALOG_COMPILER_GLOBAL_ACCENT_COLOR_NAME = AccentColor;
				CODE_SIGN_STYLE = Automatic;
				CURRENT_PROJECT_VERSION = 1;
				DEVELOPMENT_ASSET_PATHS = "\"LOTRconverter17/Preview Content\"";
				DEVELOPMENT_TEAM = 843L5KKJDK;
				ENABLE_PREVIEWS = YES;
				GENERATE_INFOPLIST_FILE = YES;
				INFOPLIST_KEY_UIApplicationSceneManifest_Generation = YES;
				INFOPLIST_KEY_UIApplicationSupportsIndirectInputEvents = YES;
				INFOPLIST_KEY_UILaunchScreen_Generation = YES;
				INFOPLIST_KEY_UISupportedInterfaceOrientations_iPad = "UIInterfaceOrientationPortrait UIInterfaceOrientationPortraitUpsideDown UIInterfaceOrientationLandscapeLeft UIInterfaceOrientationLandscapeRight";
				INFOPLIST_KEY_UISupportedInterfaceOrientations_iPhone = "UIInterfaceOrientationPortrait UIInterfaceOrientationLandscapeLeft UIInterfaceOrientationLandscapeRight";
				LD_RUNPATH_SEARCH_PATHS = (
					"$(inherited)",
					"@executable_path/Frameworks",
				);
				MARKETING_VERSION = 1.0;
				PRODUCT_BUNDLE_IDENTIFIER = com.sena.LOTRconverter17;
				PRODUCT_NAME = "$(TARGET_NAME)";
				SWIFT_EMIT_LOC_STRINGS = YES;
				SWIFT_VERSION = 5.0;
				TARGETED_DEVICE_FAMILY = "1,2";
			};
			name = Debug;
		};
		A6A8B32D2C51982F00BD3869 /* Release */ = {
			isa = XCBuildConfiguration;
			buildSettings = {
				ASSETCATALOG_COMPILER_APPICON_NAME = AppIcon;
				ASSETCATALOG_COMPILER_GLOBAL_ACCENT_COLOR_NAME = AccentColor;
				CODE_SIGN_STYLE = Automatic;
				CURRENT_PROJECT_VERSION = 1;
				DEVELOPMENT_ASSET_PATHS = "\"LOTRconverter17/Preview Content\"";
				DEVELOPMENT_TEAM = 843L5KKJDK;
				ENABLE_PREVIEWS = YES;
				GENERATE_INFOPLIST_FILE = YES;
				INFOPLIST_KEY_UIApplicationSceneManifest_Generation = YES;
				INFOPLIST_KEY_UIApplicationSupportsIndirectInputEvents = YES;
				INFOPLIST_KEY_UILaunchScreen_Generation = YES;
				INFOPLIST_KEY_UISupportedInterfaceOrientations_iPad = "UIInterfaceOrientationPortrait UIInterfaceOrientationPortraitUpsideDown UIInterfaceOrientationLandscapeLeft UIInterfaceOrientationLandscapeRight";
				INFOPLIST_KEY_UISupportedInterfaceOrientations_iPhone = "UIInterfaceOrientationPortrait UIInterfaceOrientationLandscapeLeft UIInterfaceOrientationLandscapeRight";
				LD_RUNPATH_SEARCH_PATHS = (
					"$(inherited)",
					"@executable_path/Frameworks",
				);
				MARKETING_VERSION = 1.0;
				PRODUCT_BUNDLE_IDENTIFIER = com.sena.LOTRconverter17;
				PRODUCT_NAME = "$(TARGET_NAME)";
				SWIFT_EMIT_LOC_STRINGS = YES;
				SWIFT_VERSION = 5.0;
				TARGETED_DEVICE_FAMILY = "1,2";
			};
			name = Release;
		};
/* End XCBuildConfiguration section */

/* Begin XCConfigurationList section */
		A6A8B3182C51982E00BD3869 /* Build configuration list for PBXProject "LOTRconverter17" */ = {
			isa = XCConfigurationList;
			buildConfigurations = (
				A6A8B3292C51982F00BD3869 /* Debug */,
				A6A8B32A2C51982F00BD3869 /* Release */,
			);
			defaultConfigurationIsVisible = 0;
			defaultConfigurationName = Release;
		};
		A6A8B32B2C51982F00BD3869 /* Build configuration list for PBXNativeTarget "LOTRconverter17" */ = {
			isa = XCConfigurationList;
			buildConfigurations = (
				A6A8B32C2C51982F00BD3869 /* Debug */,
				A6A8B32D2C51982F00BD3869 /* Release */,
			);
			defaultConfigurationIsVisible = 0;
			defaultConfigurationName = Release;
		};
/* End XCConfigurationList section */
	};
	rootObject = A6A8B3152C51982E00BD3869 /* Project object */;
}
